// !$*UTF8*$!
{
	archiveVersion = 1;
	classes = {
	};
	objectVersion = 51;
	objects = {

/* Begin PBXBuildFile section */
		021843B725F2C3190085C41E /* AppDelegate.swift in Sources */ = {isa = PBXBuildFile; fileRef = 021843B625F2C3190085C41E /* AppDelegate.swift */; };
		021843B925F2C3190085C41E /* SceneDelegate.swift in Sources */ = {isa = PBXBuildFile; fileRef = 021843B825F2C3190085C41E /* SceneDelegate.swift */; };
		021843BB25F2C3190085C41E /* ViewController.swift in Sources */ = {isa = PBXBuildFile; fileRef = 021843BA25F2C3190085C41E /* ViewController.swift */; };
		021843BE25F2C3190085C41E /* Main.storyboard in Resources */ = {isa = PBXBuildFile; fileRef = 021843BC25F2C3190085C41E /* Main.storyboard */; };
		021843C025F2C31A0085C41E /* Assets.xcassets in Resources */ = {isa = PBXBuildFile; fileRef = 021843BF25F2C31A0085C41E /* Assets.xcassets */; };
		021843C325F2C31A0085C41E /* LaunchScreen.storyboard in Resources */ = {isa = PBXBuildFile; fileRef = 021843C125F2C31A0085C41E /* LaunchScreen.storyboard */; };
		021843CE25F2C31A0085C41E /* ReactiveExtensionsDemoTests.swift in Sources */ = {isa = PBXBuildFile; fileRef = 021843CD25F2C31A0085C41E /* ReactiveExtensionsDemoTests.swift */; };
		021843D925F2C31A0085C41E /* ReactiveExtensionsDemoUITests.swift in Sources */ = {isa = PBXBuildFile; fileRef = 021843D825F2C31A0085C41E /* ReactiveExtensionsDemoUITests.swift */; };
		3FAFDFAAEDAB149CC277F8AD /* Pods_ReactiveExtensionsDemo_ReactiveExtensionsDemoUITests.framework in Frameworks */ = {isa = PBXBuildFile; fileRef = A6C76E380B1A321BE5DE2D7E /* Pods_ReactiveExtensionsDemo_ReactiveExtensionsDemoUITests.framework */; };
		5FF7445A041716EFAB930575 /* Pods_ReactiveExtensionsDemoTests.framework in Frameworks */ = {isa = PBXBuildFile; fileRef = 3B4DFAC142CB21F564BE00D7 /* Pods_ReactiveExtensionsDemoTests.framework */; };
		7F01493DD5E3B395F5D9BC46 /* Pods_ReactiveExtensionsDemo.framework in Frameworks */ = {isa = PBXBuildFile; fileRef = 500CB98F8EA34BA9AAD671FB /* Pods_ReactiveExtensionsDemo.framework */; };
/* End PBXBuildFile section */

/* Begin PBXContainerItemProxy section */
		021843CA25F2C31A0085C41E /* PBXContainerItemProxy */ = {
			isa = PBXContainerItemProxy;
			containerPortal = 021843AB25F2C3190085C41E /* Project object */;
			proxyType = 1;
			remoteGlobalIDString = 021843B225F2C3190085C41E;
			remoteInfo = ReactiveExtensionsDemo;
		};
		021843D525F2C31A0085C41E /* PBXContainerItemProxy */ = {
			isa = PBXContainerItemProxy;
			containerPortal = 021843AB25F2C3190085C41E /* Project object */;
			proxyType = 1;
			remoteGlobalIDString = 021843B225F2C3190085C41E;
			remoteInfo = ReactiveExtensionsDemo;
		};
/* End PBXContainerItemProxy section */

/* Begin PBXFileReference section */
		021843B325F2C3190085C41E /* ReactiveExtensionsDemo.app */ = {isa = PBXFileReference; explicitFileType = wrapper.application; includeInIndex = 0; path = ReactiveExtensionsDemo.app; sourceTree = BUILT_PRODUCTS_DIR; };
		021843B625F2C3190085C41E /* AppDelegate.swift */ = {isa = PBXFileReference; lastKnownFileType = sourcecode.swift; path = AppDelegate.swift; sourceTree = "<group>"; };
		021843B825F2C3190085C41E /* SceneDelegate.swift */ = {isa = PBXFileReference; lastKnownFileType = sourcecode.swift; path = SceneDelegate.swift; sourceTree = "<group>"; };
		021843BA25F2C3190085C41E /* ViewController.swift */ = {isa = PBXFileReference; lastKnownFileType = sourcecode.swift; path = ViewController.swift; sourceTree = "<group>"; };
		021843BD25F2C3190085C41E /* Base */ = {isa = PBXFileReference; lastKnownFileType = file.storyboard; name = Base; path = Base.lproj/Main.storyboard; sourceTree = "<group>"; };
		021843BF25F2C31A0085C41E /* Assets.xcassets */ = {isa = PBXFileReference; lastKnownFileType = folder.assetcatalog; path = Assets.xcassets; sourceTree = "<group>"; };
		021843C225F2C31A0085C41E /* Base */ = {isa = PBXFileReference; lastKnownFileType = file.storyboard; name = Base; path = Base.lproj/LaunchScreen.storyboard; sourceTree = "<group>"; };
		021843C425F2C31A0085C41E /* Info.plist */ = {isa = PBXFileReference; lastKnownFileType = text.plist.xml; path = Info.plist; sourceTree = "<group>"; };
		021843C925F2C31A0085C41E /* ReactiveExtensionsDemoTests.xctest */ = {isa = PBXFileReference; explicitFileType = wrapper.cfbundle; includeInIndex = 0; path = ReactiveExtensionsDemoTests.xctest; sourceTree = BUILT_PRODUCTS_DIR; };
		021843CD25F2C31A0085C41E /* ReactiveExtensionsDemoTests.swift */ = {isa = PBXFileReference; lastKnownFileType = sourcecode.swift; path = ReactiveExtensionsDemoTests.swift; sourceTree = "<group>"; };
		021843CF25F2C31A0085C41E /* Info.plist */ = {isa = PBXFileReference; lastKnownFileType = text.plist.xml; path = Info.plist; sourceTree = "<group>"; };
		021843D425F2C31A0085C41E /* ReactiveExtensionsDemoUITests.xctest */ = {isa = PBXFileReference; explicitFileType = wrapper.cfbundle; includeInIndex = 0; path = ReactiveExtensionsDemoUITests.xctest; sourceTree = BUILT_PRODUCTS_DIR; };
		021843D825F2C31A0085C41E /* ReactiveExtensionsDemoUITests.swift */ = {isa = PBXFileReference; lastKnownFileType = sourcecode.swift; path = ReactiveExtensionsDemoUITests.swift; sourceTree = "<group>"; };
		021843DA25F2C31A0085C41E /* Info.plist */ = {isa = PBXFileReference; lastKnownFileType = text.plist.xml; path = Info.plist; sourceTree = "<group>"; };
		16EC3DF3A3B0D155F3ED1F27 /* Pods-ReactiveExtensionsDemo-ReactiveExtensionsDemoUITests.release.xcconfig */ = {isa = PBXFileReference; includeInIndex = 1; lastKnownFileType = text.xcconfig; name = "Pods-ReactiveExtensionsDemo-ReactiveExtensionsDemoUITests.release.xcconfig"; path = "Target Support Files/Pods-ReactiveExtensionsDemo-ReactiveExtensionsDemoUITests/Pods-ReactiveExtensionsDemo-ReactiveExtensionsDemoUITests.release.xcconfig"; sourceTree = "<group>"; };
		3B4DFAC142CB21F564BE00D7 /* Pods_ReactiveExtensionsDemoTests.framework */ = {isa = PBXFileReference; explicitFileType = wrapper.framework; includeInIndex = 0; path = Pods_ReactiveExtensionsDemoTests.framework; sourceTree = BUILT_PRODUCTS_DIR; };
		500CB98F8EA34BA9AAD671FB /* Pods_ReactiveExtensionsDemo.framework */ = {isa = PBXFileReference; explicitFileType = wrapper.framework; includeInIndex = 0; path = Pods_ReactiveExtensionsDemo.framework; sourceTree = BUILT_PRODUCTS_DIR; };
		6B8851350EE5545BD9A759B0 /* Pods-ReactiveExtensionsDemo-ReactiveExtensionsDemoUITests.debug.xcconfig */ = {isa = PBXFileReference; includeInIndex = 1; lastKnownFileType = text.xcconfig; name = "Pods-ReactiveExtensionsDemo-ReactiveExtensionsDemoUITests.debug.xcconfig"; path = "Target Support Files/Pods-ReactiveExtensionsDemo-ReactiveExtensionsDemoUITests/Pods-ReactiveExtensionsDemo-ReactiveExtensionsDemoUITests.debug.xcconfig"; sourceTree = "<group>"; };
		7F3042A88DA0798BB778AC17 /* Pods-ReactiveExtensionsDemoTests.debug.xcconfig */ = {isa = PBXFileReference; includeInIndex = 1; lastKnownFileType = text.xcconfig; name = "Pods-ReactiveExtensionsDemoTests.debug.xcconfig"; path = "Target Support Files/Pods-ReactiveExtensionsDemoTests/Pods-ReactiveExtensionsDemoTests.debug.xcconfig"; sourceTree = "<group>"; };
		9D1AD1FCA1C1C11013C6443B /* Pods-ReactiveExtensionsDemo.release.xcconfig */ = {isa = PBXFileReference; includeInIndex = 1; lastKnownFileType = text.xcconfig; name = "Pods-ReactiveExtensionsDemo.release.xcconfig"; path = "Target Support Files/Pods-ReactiveExtensionsDemo/Pods-ReactiveExtensionsDemo.release.xcconfig"; sourceTree = "<group>"; };
		A6C76E380B1A321BE5DE2D7E /* Pods_ReactiveExtensionsDemo_ReactiveExtensionsDemoUITests.framework */ = {isa = PBXFileReference; explicitFileType = wrapper.framework; includeInIndex = 0; path = Pods_ReactiveExtensionsDemo_ReactiveExtensionsDemoUITests.framework; sourceTree = BUILT_PRODUCTS_DIR; };
		B4DBBE2432A2F0D2CF67311C /* Pods-ReactiveExtensionsDemo.debug.xcconfig */ = {isa = PBXFileReference; includeInIndex = 1; lastKnownFileType = text.xcconfig; name = "Pods-ReactiveExtensionsDemo.debug.xcconfig"; path = "Target Support Files/Pods-ReactiveExtensionsDemo/Pods-ReactiveExtensionsDemo.debug.xcconfig"; sourceTree = "<group>"; };
		D2342BBCA95ED91CD391666D /* Pods-ReactiveExtensionsDemoTests.release.xcconfig */ = {isa = PBXFileReference; includeInIndex = 1; lastKnownFileType = text.xcconfig; name = "Pods-ReactiveExtensionsDemoTests.release.xcconfig"; path = "Target Support Files/Pods-ReactiveExtensionsDemoTests/Pods-ReactiveExtensionsDemoTests.release.xcconfig"; sourceTree = "<group>"; };
/* End PBXFileReference section */

/* Begin PBXFrameworksBuildPhase section */
		021843B025F2C3190085C41E /* Frameworks */ = {
			isa = PBXFrameworksBuildPhase;
			buildActionMask = 2147483647;
			files = (
				7F01493DD5E3B395F5D9BC46 /* Pods_ReactiveExtensionsDemo.framework in Frameworks */,
			);
			runOnlyForDeploymentPostprocessing = 0;
		};
		021843C625F2C31A0085C41E /* Frameworks */ = {
			isa = PBXFrameworksBuildPhase;
			buildActionMask = 2147483647;
			files = (
				5FF7445A041716EFAB930575 /* Pods_ReactiveExtensionsDemoTests.framework in Frameworks */,
			);
			runOnlyForDeploymentPostprocessing = 0;
		};
		021843D125F2C31A0085C41E /* Frameworks */ = {
			isa = PBXFrameworksBuildPhase;
			buildActionMask = 2147483647;
			files = (
				3FAFDFAAEDAB149CC277F8AD /* Pods_ReactiveExtensionsDemo_ReactiveExtensionsDemoUITests.framework in Frameworks */,
			);
			runOnlyForDeploymentPostprocessing = 0;
		};
/* End PBXFrameworksBuildPhase section */

/* Begin PBXGroup section */
		021843AA25F2C3190085C41E = {
			isa = PBXGroup;
			children = (
				021843B525F2C3190085C41E /* ReactiveExtensionsDemo */,
				021843CC25F2C31A0085C41E /* ReactiveExtensionsDemoTests */,
				021843D725F2C31A0085C41E /* ReactiveExtensionsDemoUITests */,
				021843B425F2C3190085C41E /* Products */,
				29A5B00921CC7D45CABE480F /* Pods */,
				D36BC2069441473CC39EE223 /* Frameworks */,
			);
			sourceTree = "<group>";
		};
		021843B425F2C3190085C41E /* Products */ = {
			isa = PBXGroup;
			children = (
				021843B325F2C3190085C41E /* ReactiveExtensionsDemo.app */,
				021843C925F2C31A0085C41E /* ReactiveExtensionsDemoTests.xctest */,
				021843D425F2C31A0085C41E /* ReactiveExtensionsDemoUITests.xctest */,
			);
			name = Products;
			sourceTree = "<group>";
		};
		021843B525F2C3190085C41E /* ReactiveExtensionsDemo */ = {
			isa = PBXGroup;
			children = (
				021843B625F2C3190085C41E /* AppDelegate.swift */,
				021843B825F2C3190085C41E /* SceneDelegate.swift */,
				021843BA25F2C3190085C41E /* ViewController.swift */,
				021843BC25F2C3190085C41E /* Main.storyboard */,
				021843BF25F2C31A0085C41E /* Assets.xcassets */,
				021843C125F2C31A0085C41E /* LaunchScreen.storyboard */,
				021843C425F2C31A0085C41E /* Info.plist */,
			);
			path = ReactiveExtensionsDemo;
			sourceTree = "<group>";
		};
		021843CC25F2C31A0085C41E /* ReactiveExtensionsDemoTests */ = {
			isa = PBXGroup;
			children = (
				021843CD25F2C31A0085C41E /* ReactiveExtensionsDemoTests.swift */,
				021843CF25F2C31A0085C41E /* Info.plist */,
			);
			path = ReactiveExtensionsDemoTests;
			sourceTree = "<group>";
		};
		021843D725F2C31A0085C41E /* ReactiveExtensionsDemoUITests */ = {
			isa = PBXGroup;
			children = (
				021843D825F2C31A0085C41E /* ReactiveExtensionsDemoUITests.swift */,
				021843DA25F2C31A0085C41E /* Info.plist */,
			);
			path = ReactiveExtensionsDemoUITests;
			sourceTree = "<group>";
		};
		29A5B00921CC7D45CABE480F /* Pods */ = {
			isa = PBXGroup;
			children = (
				B4DBBE2432A2F0D2CF67311C /* Pods-ReactiveExtensionsDemo.debug.xcconfig */,
				9D1AD1FCA1C1C11013C6443B /* Pods-ReactiveExtensionsDemo.release.xcconfig */,
				6B8851350EE5545BD9A759B0 /* Pods-ReactiveExtensionsDemo-ReactiveExtensionsDemoUITests.debug.xcconfig */,
				16EC3DF3A3B0D155F3ED1F27 /* Pods-ReactiveExtensionsDemo-ReactiveExtensionsDemoUITests.release.xcconfig */,
				7F3042A88DA0798BB778AC17 /* Pods-ReactiveExtensionsDemoTests.debug.xcconfig */,
				D2342BBCA95ED91CD391666D /* Pods-ReactiveExtensionsDemoTests.release.xcconfig */,
			);
			path = Pods;
			sourceTree = "<group>";
		};
		D36BC2069441473CC39EE223 /* Frameworks */ = {
			isa = PBXGroup;
			children = (
				500CB98F8EA34BA9AAD671FB /* Pods_ReactiveExtensionsDemo.framework */,
				A6C76E380B1A321BE5DE2D7E /* Pods_ReactiveExtensionsDemo_ReactiveExtensionsDemoUITests.framework */,
				3B4DFAC142CB21F564BE00D7 /* Pods_ReactiveExtensionsDemoTests.framework */,
			);
			name = Frameworks;
			sourceTree = "<group>";
		};
/* End PBXGroup section */

/* Begin PBXNativeTarget section */
		021843B225F2C3190085C41E /* ReactiveExtensionsDemo */ = {
			isa = PBXNativeTarget;
			buildConfigurationList = 021843DD25F2C31A0085C41E /* Build configuration list for PBXNativeTarget "ReactiveExtensionsDemo" */;
			buildPhases = (
				23053088E25F7242BAEA3468 /* [CP] Check Pods Manifest.lock */,
				021843AF25F2C3190085C41E /* Sources */,
				021843B025F2C3190085C41E /* Frameworks */,
				021843B125F2C3190085C41E /* Resources */,
				5BE0EF2C701DB7D5DAEBFA1F /* [CP] Embed Pods Frameworks */,
			);
			buildRules = (
			);
			dependencies = (
			);
			name = ReactiveExtensionsDemo;
			productName = ReactiveExtensionsDemo;
			productReference = 021843B325F2C3190085C41E /* ReactiveExtensionsDemo.app */;
			productType = "com.apple.product-type.application";
		};
		021843C825F2C31A0085C41E /* ReactiveExtensionsDemoTests */ = {
			isa = PBXNativeTarget;
			buildConfigurationList = 021843E025F2C31A0085C41E /* Build configuration list for PBXNativeTarget "ReactiveExtensionsDemoTests" */;
			buildPhases = (
				1D8D9DDA210AFF1F9ADD9DD0 /* [CP] Check Pods Manifest.lock */,
				021843C525F2C31A0085C41E /* Sources */,
				021843C625F2C31A0085C41E /* Frameworks */,
				021843C725F2C31A0085C41E /* Resources */,
			);
			buildRules = (
			);
			dependencies = (
				021843CB25F2C31A0085C41E /* PBXTargetDependency */,
			);
			name = ReactiveExtensionsDemoTests;
			productName = ReactiveExtensionsDemoTests;
			productReference = 021843C925F2C31A0085C41E /* ReactiveExtensionsDemoTests.xctest */;
			productType = "com.apple.product-type.bundle.unit-test";
		};
		021843D325F2C31A0085C41E /* ReactiveExtensionsDemoUITests */ = {
			isa = PBXNativeTarget;
			buildConfigurationList = 021843E325F2C31A0085C41E /* Build configuration list for PBXNativeTarget "ReactiveExtensionsDemoUITests" */;
			buildPhases = (
				0BEED74ABB4CFC5DEB9EF95C /* [CP] Check Pods Manifest.lock */,
				021843D025F2C31A0085C41E /* Sources */,
				021843D125F2C31A0085C41E /* Frameworks */,
				021843D225F2C31A0085C41E /* Resources */,
				1FA86FA06ED888195F5C8114 /* [CP] Embed Pods Frameworks */,
			);
			buildRules = (
			);
			dependencies = (
				021843D625F2C31A0085C41E /* PBXTargetDependency */,
			);
			name = ReactiveExtensionsDemoUITests;
			productName = ReactiveExtensionsDemoUITests;
			productReference = 021843D425F2C31A0085C41E /* ReactiveExtensionsDemoUITests.xctest */;
			productType = "com.apple.product-type.bundle.ui-testing";
		};
/* End PBXNativeTarget section */

/* Begin PBXProject section */
		021843AB25F2C3190085C41E /* Project object */ = {
			isa = PBXProject;
			attributes = {
				LastSwiftUpdateCheck = 1240;
				LastUpgradeCheck = 1240;
				TargetAttributes = {
					021843B225F2C3190085C41E = {
						CreatedOnToolsVersion = 12.4;
					};
					021843C825F2C31A0085C41E = {
						CreatedOnToolsVersion = 12.4;
						TestTargetID = 021843B225F2C3190085C41E;
					};
					021843D325F2C31A0085C41E = {
						CreatedOnToolsVersion = 12.4;
						TestTargetID = 021843B225F2C3190085C41E;
					};
				};
			};
			buildConfigurationList = 021843AE25F2C3190085C41E /* Build configuration list for PBXProject "ReactiveExtensionsDemo" */;
			compatibilityVersion = "Xcode 9.3";
			developmentRegion = en;
			hasScannedForEncodings = 0;
			knownRegions = (
				en,
				Base,
			);
			mainGroup = 021843AA25F2C3190085C41E;
			productRefGroup = 021843B425F2C3190085C41E /* Products */;
			projectDirPath = "";
			projectRoot = "";
			targets = (
				021843B225F2C3190085C41E /* ReactiveExtensionsDemo */,
				021843C825F2C31A0085C41E /* ReactiveExtensionsDemoTests */,
				021843D325F2C31A0085C41E /* ReactiveExtensionsDemoUITests */,
			);
		};
/* End PBXProject section */

/* Begin PBXResourcesBuildPhase section */
		021843B125F2C3190085C41E /* Resources */ = {
			isa = PBXResourcesBuildPhase;
			buildActionMask = 2147483647;
			files = (
				021843C325F2C31A0085C41E /* LaunchScreen.storyboard in Resources */,
				021843C025F2C31A0085C41E /* Assets.xcassets in Resources */,
				021843BE25F2C3190085C41E /* Main.storyboard in Resources */,
			);
			runOnlyForDeploymentPostprocessing = 0;
		};
		021843C725F2C31A0085C41E /* Resources */ = {
			isa = PBXResourcesBuildPhase;
			buildActionMask = 2147483647;
			files = (
			);
			runOnlyForDeploymentPostprocessing = 0;
		};
		021843D225F2C31A0085C41E /* Resources */ = {
			isa = PBXResourcesBuildPhase;
			buildActionMask = 2147483647;
			files = (
			);
			runOnlyForDeploymentPostprocessing = 0;
		};
/* End PBXResourcesBuildPhase section */

/* Begin PBXShellScriptBuildPhase section */
		0BEED74ABB4CFC5DEB9EF95C /* [CP] Check Pods Manifest.lock */ = {
			isa = PBXShellScriptBuildPhase;
			buildActionMask = 2147483647;
			files = (
			);
			inputFileListPaths = (
			);
			inputPaths = (
				"${PODS_PODFILE_DIR_PATH}/Podfile.lock",
				"${PODS_ROOT}/Manifest.lock",
			);
			name = "[CP] Check Pods Manifest.lock";
			outputFileListPaths = (
			);
			outputPaths = (
				"$(DERIVED_FILE_DIR)/Pods-ReactiveExtensionsDemo-ReactiveExtensionsDemoUITests-checkManifestLockResult.txt",
			);
			runOnlyForDeploymentPostprocessing = 0;
			shellPath = /bin/sh;
			shellScript = "diff \"${PODS_PODFILE_DIR_PATH}/Podfile.lock\" \"${PODS_ROOT}/Manifest.lock\" > /dev/null\nif [ $? != 0 ] ; then\n    # print error to STDERR\n    echo \"error: The sandbox is not in sync with the Podfile.lock. Run 'pod install' or update your CocoaPods installation.\" >&2\n    exit 1\nfi\n# This output is used by Xcode 'outputs' to avoid re-running this script phase.\necho \"SUCCESS\" > \"${SCRIPT_OUTPUT_FILE_0}\"\n";
			showEnvVarsInLog = 0;
		};
		1D8D9DDA210AFF1F9ADD9DD0 /* [CP] Check Pods Manifest.lock */ = {
			isa = PBXShellScriptBuildPhase;
			buildActionMask = 2147483647;
			files = (
			);
			inputFileListPaths = (
			);
			inputPaths = (
				"${PODS_PODFILE_DIR_PATH}/Podfile.lock",
				"${PODS_ROOT}/Manifest.lock",
			);
			name = "[CP] Check Pods Manifest.lock";
			outputFileListPaths = (
			);
			outputPaths = (
				"$(DERIVED_FILE_DIR)/Pods-ReactiveExtensionsDemoTests-checkManifestLockResult.txt",
			);
			runOnlyForDeploymentPostprocessing = 0;
			shellPath = /bin/sh;
			shellScript = "diff \"${PODS_PODFILE_DIR_PATH}/Podfile.lock\" \"${PODS_ROOT}/Manifest.lock\" > /dev/null\nif [ $? != 0 ] ; then\n    # print error to STDERR\n    echo \"error: The sandbox is not in sync with the Podfile.lock. Run 'pod install' or update your CocoaPods installation.\" >&2\n    exit 1\nfi\n# This output is used by Xcode 'outputs' to avoid re-running this script phase.\necho \"SUCCESS\" > \"${SCRIPT_OUTPUT_FILE_0}\"\n";
			showEnvVarsInLog = 0;
		};
		1FA86FA06ED888195F5C8114 /* [CP] Embed Pods Frameworks */ = {
			isa = PBXShellScriptBuildPhase;
			buildActionMask = 2147483647;
			files = (
			);
			inputFileListPaths = (
				"${PODS_ROOT}/Target Support Files/Pods-ReactiveExtensionsDemo-ReactiveExtensionsDemoUITests/Pods-ReactiveExtensionsDemo-ReactiveExtensionsDemoUITests-frameworks-${CONFIGURATION}-input-files.xcfilelist",
			);
			name = "[CP] Embed Pods Frameworks";
			outputFileListPaths = (
				"${PODS_ROOT}/Target Support Files/Pods-ReactiveExtensionsDemo-ReactiveExtensionsDemoUITests/Pods-ReactiveExtensionsDemo-ReactiveExtensionsDemoUITests-frameworks-${CONFIGURATION}-output-files.xcfilelist",
			);
			runOnlyForDeploymentPostprocessing = 0;
			shellPath = /bin/sh;
			shellScript = "\"${PODS_ROOT}/Target Support Files/Pods-ReactiveExtensionsDemo-ReactiveExtensionsDemoUITests/Pods-ReactiveExtensionsDemo-ReactiveExtensionsDemoUITests-frameworks.sh\"\n";
			showEnvVarsInLog = 0;
		};
		23053088E25F7242BAEA3468 /* [CP] Check Pods Manifest.lock */ = {
			isa = PBXShellScriptBuildPhase;
			buildActionMask = 2147483647;
			files = (
			);
			inputFileListPaths = (
			);
			inputPaths = (
				"${PODS_PODFILE_DIR_PATH}/Podfile.lock",
				"${PODS_ROOT}/Manifest.lock",
			);
			name = "[CP] Check Pods Manifest.lock";
			outputFileListPaths = (
			);
			outputPaths = (
				"$(DERIVED_FILE_DIR)/Pods-ReactiveExtensionsDemo-checkManifestLockResult.txt",
			);
			runOnlyForDeploymentPostprocessing = 0;
			shellPath = /bin/sh;
			shellScript = "diff \"${PODS_PODFILE_DIR_PATH}/Podfile.lock\" \"${PODS_ROOT}/Manifest.lock\" > /dev/null\nif [ $? != 0 ] ; then\n    # print error to STDERR\n    echo \"error: The sandbox is not in sync with the Podfile.lock. Run 'pod install' or update your CocoaPods installation.\" >&2\n    exit 1\nfi\n# This output is used by Xcode 'outputs' to avoid re-running this script phase.\necho \"SUCCESS\" > \"${SCRIPT_OUTPUT_FILE_0}\"\n";
			showEnvVarsInLog = 0;
		};
		5BE0EF2C701DB7D5DAEBFA1F /* [CP] Embed Pods Frameworks */ = {
			isa = PBXShellScriptBuildPhase;
			buildActionMask = 2147483647;
			files = (
			);
			inputFileListPaths = (
				"${PODS_ROOT}/Target Support Files/Pods-ReactiveExtensionsDemo/Pods-ReactiveExtensionsDemo-frameworks-${CONFIGURATION}-input-files.xcfilelist",
			);
			name = "[CP] Embed Pods Frameworks";
			outputFileListPaths = (
				"${PODS_ROOT}/Target Support Files/Pods-ReactiveExtensionsDemo/Pods-ReactiveExtensionsDemo-frameworks-${CONFIGURATION}-output-files.xcfilelist",
			);
			runOnlyForDeploymentPostprocessing = 0;
			shellPath = /bin/sh;
			shellScript = "\"${PODS_ROOT}/Target Support Files/Pods-ReactiveExtensionsDemo/Pods-ReactiveExtensionsDemo-frameworks.sh\"\n";
			showEnvVarsInLog = 0;
		};
/* End PBXShellScriptBuildPhase section */

/* Begin PBXSourcesBuildPhase section */
		021843AF25F2C3190085C41E /* Sources */ = {
			isa = PBXSourcesBuildPhase;
			buildActionMask = 2147483647;
			files = (
				021843BB25F2C3190085C41E /* ViewController.swift in Sources */,
				021843B725F2C3190085C41E /* AppDelegate.swift in Sources */,
				021843B925F2C3190085C41E /* SceneDelegate.swift in Sources */,
			);
			runOnlyForDeploymentPostprocessing = 0;
		};
		021843C525F2C31A0085C41E /* Sources */ = {
			isa = PBXSourcesBuildPhase;
			buildActionMask = 2147483647;
			files = (
				021843CE25F2C31A0085C41E /* ReactiveExtensionsDemoTests.swift in Sources */,
			);
			runOnlyForDeploymentPostprocessing = 0;
		};
		021843D025F2C31A0085C41E /* Sources */ = {
			isa = PBXSourcesBuildPhase;
			buildActionMask = 2147483647;
			files = (
				021843D925F2C31A0085C41E /* ReactiveExtensionsDemoUITests.swift in Sources */,
			);
			runOnlyForDeploymentPostprocessing = 0;
		};
/* End PBXSourcesBuildPhase section */

/* Begin PBXTargetDependency section */
		021843CB25F2C31A0085C41E /* PBXTargetDependency */ = {
			isa = PBXTargetDependency;
			target = 021843B225F2C3190085C41E /* ReactiveExtensionsDemo */;
			targetProxy = 021843CA25F2C31A0085C41E /* PBXContainerItemProxy */;
		};
		021843D625F2C31A0085C41E /* PBXTargetDependency */ = {
			isa = PBXTargetDependency;
			target = 021843B225F2C3190085C41E /* ReactiveExtensionsDemo */;
			targetProxy = 021843D525F2C31A0085C41E /* PBXContainerItemProxy */;
		};
/* End PBXTargetDependency section */

/* Begin PBXVariantGroup section */
		021843BC25F2C3190085C41E /* Main.storyboard */ = {
			isa = PBXVariantGroup;
			children = (
				021843BD25F2C3190085C41E /* Base */,
			);
			name = Main.storyboard;
			sourceTree = "<group>";
		};
		021843C125F2C31A0085C41E /* LaunchScreen.storyboard */ = {
			isa = PBXVariantGroup;
			children = (
				021843C225F2C31A0085C41E /* Base */,
			);
			name = LaunchScreen.storyboard;
			sourceTree = "<group>";
		};
/* End PBXVariantGroup section */

/* Begin XCBuildConfiguration section */
		021843DB25F2C31A0085C41E /* Debug */ = {
			isa = XCBuildConfiguration;
			buildSettings = {
				ALWAYS_EMBED_SWIFT_STANDARD_LIBRARIES = "$(inherited)";
				ALWAYS_SEARCH_USER_PATHS = NO;
				CLANG_ANALYZER_NONNULL = YES;
				CLANG_ANALYZER_NUMBER_OBJECT_CONVERSION = YES_AGGRESSIVE;
				CLANG_CXX_LANGUAGE_STANDARD = "gnu++14";
				CLANG_CXX_LIBRARY = "libc++";
				CLANG_ENABLE_MODULES = YES;
				CLANG_ENABLE_OBJC_ARC = YES;
				CLANG_ENABLE_OBJC_WEAK = YES;
				CLANG_WARN_BLOCK_CAPTURE_AUTORELEASING = YES;
				CLANG_WARN_BOOL_CONVERSION = YES;
				CLANG_WARN_COMMA = YES;
				CLANG_WARN_CONSTANT_CONVERSION = YES;
				CLANG_WARN_DEPRECATED_OBJC_IMPLEMENTATIONS = YES;
				CLANG_WARN_DIRECT_OBJC_ISA_USAGE = YES_ERROR;
				CLANG_WARN_DOCUMENTATION_COMMENTS = YES;
				CLANG_WARN_EMPTY_BODY = YES;
				CLANG_WARN_ENUM_CONVERSION = YES;
				CLANG_WARN_INFINITE_RECURSION = YES;
				CLANG_WARN_INT_CONVERSION = YES;
				CLANG_WARN_NON_LITERAL_NULL_CONVERSION = YES;
				CLANG_WARN_OBJC_IMPLICIT_RETAIN_SELF = YES;
				CLANG_WARN_OBJC_LITERAL_CONVERSION = YES;
				CLANG_WARN_OBJC_ROOT_CLASS = YES_ERROR;
				CLANG_WARN_QUOTED_INCLUDE_IN_FRAMEWORK_HEADER = YES;
				CLANG_WARN_RANGE_LOOP_ANALYSIS = YES;
				CLANG_WARN_STRICT_PROTOTYPES = YES;
				CLANG_WARN_SUSPICIOUS_MOVE = YES;
				CLANG_WARN_UNGUARDED_AVAILABILITY = YES_AGGRESSIVE;
				CLANG_WARN_UNREACHABLE_CODE = YES;
				CLANG_WARN__DUPLICATE_METHOD_MATCH = YES;
				COPY_PHASE_STRIP = NO;
				DEBUG_INFORMATION_FORMAT = dwarf;
				ENABLE_STRICT_OBJC_MSGSEND = YES;
				ENABLE_TESTABILITY = YES;
				GCC_C_LANGUAGE_STANDARD = gnu11;
				GCC_DYNAMIC_NO_PIC = NO;
				GCC_NO_COMMON_BLOCKS = YES;
				GCC_OPTIMIZATION_LEVEL = 0;
				GCC_PREPROCESSOR_DEFINITIONS = (
					"DEBUG=1",
					"$(inherited)",
				);
				GCC_WARN_64_TO_32_BIT_CONVERSION = YES;
				GCC_WARN_ABOUT_RETURN_TYPE = YES_ERROR;
				GCC_WARN_UNDECLARED_SELECTOR = YES;
				GCC_WARN_UNINITIALIZED_AUTOS = YES_AGGRESSIVE;
				GCC_WARN_UNUSED_FUNCTION = YES;
				GCC_WARN_UNUSED_VARIABLE = YES;
				IPHONEOS_DEPLOYMENT_TARGET = 14.4;
				MTL_ENABLE_DEBUG_INFO = INCLUDE_SOURCE;
				MTL_FAST_MATH = YES;
				ONLY_ACTIVE_ARCH = YES;
				SDKROOT = iphoneos;
				SWIFT_ACTIVE_COMPILATION_CONDITIONS = DEBUG;
				SWIFT_OPTIMIZATION_LEVEL = "-Onone";
			};
			name = Debug;
		};
		021843DC25F2C31A0085C41E /* Release */ = {
			isa = XCBuildConfiguration;
			buildSettings = {
				ALWAYS_EMBED_SWIFT_STANDARD_LIBRARIES = "$(inherited)";
				ALWAYS_SEARCH_USER_PATHS = NO;
				CLANG_ANALYZER_NONNULL = YES;
				CLANG_ANALYZER_NUMBER_OBJECT_CONVERSION = YES_AGGRESSIVE;
				CLANG_CXX_LANGUAGE_STANDARD = "gnu++14";
				CLANG_CXX_LIBRARY = "libc++";
				CLANG_ENABLE_MODULES = YES;
				CLANG_ENABLE_OBJC_ARC = YES;
				CLANG_ENABLE_OBJC_WEAK = YES;
				CLANG_WARN_BLOCK_CAPTURE_AUTORELEASING = YES;
				CLANG_WARN_BOOL_CONVERSION = YES;
				CLANG_WARN_COMMA = YES;
				CLANG_WARN_CONSTANT_CONVERSION = YES;
				CLANG_WARN_DEPRECATED_OBJC_IMPLEMENTATIONS = YES;
				CLANG_WARN_DIRECT_OBJC_ISA_USAGE = YES_ERROR;
				CLANG_WARN_DOCUMENTATION_COMMENTS = YES;
				CLANG_WARN_EMPTY_BODY = YES;
				CLANG_WARN_ENUM_CONVERSION = YES;
				CLANG_WARN_INFINITE_RECURSION = YES;
				CLANG_WARN_INT_CONVERSION = YES;
				CLANG_WARN_NON_LITERAL_NULL_CONVERSION = YES;
				CLANG_WARN_OBJC_IMPLICIT_RETAIN_SELF = YES;
				CLANG_WARN_OBJC_LITERAL_CONVERSION = YES;
				CLANG_WARN_OBJC_ROOT_CLASS = YES_ERROR;
				CLANG_WARN_QUOTED_INCLUDE_IN_FRAMEWORK_HEADER = YES;
				CLANG_WARN_RANGE_LOOP_ANALYSIS = YES;
				CLANG_WARN_STRICT_PROTOTYPES = YES;
				CLANG_WARN_SUSPICIOUS_MOVE = YES;
				CLANG_WARN_UNGUARDED_AVAILABILITY = YES_AGGRESSIVE;
				CLANG_WARN_UNREACHABLE_CODE = YES;
				CLANG_WARN__DUPLICATE_METHOD_MATCH = YES;
				COPY_PHASE_STRIP = NO;
				DEBUG_INFORMATION_FORMAT = "dwarf-with-dsym";
				ENABLE_NS_ASSERTIONS = NO;
				ENABLE_STRICT_OBJC_MSGSEND = YES;
				GCC_C_LANGUAGE_STANDARD = gnu11;
				GCC_NO_COMMON_BLOCKS = YES;
				GCC_WARN_64_TO_32_BIT_CONVERSION = YES;
				GCC_WARN_ABOUT_RETURN_TYPE = YES_ERROR;
				GCC_WARN_UNDECLARED_SELECTOR = YES;
				GCC_WARN_UNINITIALIZED_AUTOS = YES_AGGRESSIVE;
				GCC_WARN_UNUSED_FUNCTION = YES;
				GCC_WARN_UNUSED_VARIABLE = YES;
				IPHONEOS_DEPLOYMENT_TARGET = 14.4;
				MTL_ENABLE_DEBUG_INFO = NO;
				MTL_FAST_MATH = YES;
				SDKROOT = iphoneos;
				SWIFT_COMPILATION_MODE = wholemodule;
				SWIFT_OPTIMIZATION_LEVEL = "-O";
				VALIDATE_PRODUCT = YES;
			};
			name = Release;
		};
		021843DE25F2C31A0085C41E /* Debug */ = {
			isa = XCBuildConfiguration;
			baseConfigurationReference = B4DBBE2432A2F0D2CF67311C /* Pods-ReactiveExtensionsDemo.debug.xcconfig */;
			buildSettings = {
				ASSETCATALOG_COMPILER_APPICON_NAME = AppIcon;
				ASSETCATALOG_COMPILER_GLOBAL_ACCENT_COLOR_NAME = AccentColor;
				CODE_SIGN_STYLE = Automatic;
				DEVELOPMENT_TEAM = 4SPS4GQWCE;
				INFOPLIST_FILE = ReactiveExtensionsDemo/Info.plist;
				LD_RUNPATH_SEARCH_PATHS = (
					"$(inherited)",
					"@executable_path/Frameworks",
				);
				PRODUCT_BUNDLE_IDENTIFIER = com.sangoma.ReactiveExtensionsDemo;
				PRODUCT_NAME = "$(TARGET_NAME)";
				SWIFT_VERSION = 5.0;
				TARGETED_DEVICE_FAMILY = "1,2";
			};
			name = Debug;
		};
		021843DF25F2C31A0085C41E /* Release */ = {
			isa = XCBuildConfiguration;
			baseConfigurationReference = 9D1AD1FCA1C1C11013C6443B /* Pods-ReactiveExtensionsDemo.release.xcconfig */;
			buildSettings = {
				ASSETCATALOG_COMPILER_APPICON_NAME = AppIcon;
				ASSETCATALOG_COMPILER_GLOBAL_ACCENT_COLOR_NAME = AccentColor;
				CODE_SIGN_STYLE = Automatic;
				DEVELOPMENT_TEAM = 4SPS4GQWCE;
				INFOPLIST_FILE = ReactiveExtensionsDemo/Info.plist;
				LD_RUNPATH_SEARCH_PATHS = (
					"$(inherited)",
					"@executable_path/Frameworks",
				);
				PRODUCT_BUNDLE_IDENTIFIER = com.sangoma.ReactiveExtensionsDemo;
				PRODUCT_NAME = "$(TARGET_NAME)";
				SWIFT_VERSION = 5.0;
				TARGETED_DEVICE_FAMILY = "1,2";
			};
			name = Release;
		};
		021843E125F2C31A0085C41E /* Debug */ = {
			isa = XCBuildConfiguration;
			baseConfigurationReference = 7F3042A88DA0798BB778AC17 /* Pods-ReactiveExtensionsDemoTests.debug.xcconfig */;
			buildSettings = {
				ALWAYS_EMBED_SWIFT_STANDARD_LIBRARIES = YES;
				BUNDLE_LOADER = "$(TEST_HOST)";
				CODE_SIGN_STYLE = Automatic;
				DEVELOPMENT_TEAM = 4SPS4GQWCE;
				INFOPLIST_FILE = ReactiveExtensionsDemoTests/Info.plist;
				IPHONEOS_DEPLOYMENT_TARGET = 14.4;
				LD_RUNPATH_SEARCH_PATHS = (
					"$(inherited)",
					"@executable_path/Frameworks",
					"@loader_path/Frameworks",
				);
				PRODUCT_BUNDLE_IDENTIFIER = com.sangoma.ReactiveExtensionsDemoTests;
				PRODUCT_NAME = "$(TARGET_NAME)";
				SWIFT_VERSION = 5.0;
				TARGETED_DEVICE_FAMILY = "1,2";
				TEST_HOST = "$(BUILT_PRODUCTS_DIR)/ReactiveExtensionsDemo.app/ReactiveExtensionsDemo";
			};
			name = Debug;
		};
		021843E225F2C31A0085C41E /* Release */ = {
			isa = XCBuildConfiguration;
			baseConfigurationReference = D2342BBCA95ED91CD391666D /* Pods-ReactiveExtensionsDemoTests.release.xcconfig */;
			buildSettings = {
				ALWAYS_EMBED_SWIFT_STANDARD_LIBRARIES = YES;
				BUNDLE_LOADER = "$(TEST_HOST)";
				CODE_SIGN_STYLE = Automatic;
				DEVELOPMENT_TEAM = 4SPS4GQWCE;
				INFOPLIST_FILE = ReactiveExtensionsDemoTests/Info.plist;
				IPHONEOS_DEPLOYMENT_TARGET = 14.4;
				LD_RUNPATH_SEARCH_PATHS = (
					"$(inherited)",
					"@executable_path/Frameworks",
					"@loader_path/Frameworks",
				);
				PRODUCT_BUNDLE_IDENTIFIER = com.sangoma.ReactiveExtensionsDemoTests;
				PRODUCT_NAME = "$(TARGET_NAME)";
				SWIFT_VERSION = 5.0;
				TARGETED_DEVICE_FAMILY = "1,2";
				TEST_HOST = "$(BUILT_PRODUCTS_DIR)/ReactiveExtensionsDemo.app/ReactiveExtensionsDemo";
			};
			name = Release;
		};
		021843E425F2C31A0085C41E /* Debug */ = {
			isa = XCBuildConfiguration;
			baseConfigurationReference = 6B8851350EE5545BD9A759B0 /* Pods-ReactiveExtensionsDemo-ReactiveExtensionsDemoUITests.debug.xcconfig */;
			buildSettings = {
				ALWAYS_EMBED_SWIFT_STANDARD_LIBRARIES = "$(inherited)";
				CODE_SIGN_STYLE = Automatic;
				DEVELOPMENT_TEAM = 4SPS4GQWCE;
				INFOPLIST_FILE = ReactiveExtensionsDemoUITests/Info.plist;
				LD_RUNPATH_SEARCH_PATHS = (
					"$(inherited)",
					"@executable_path/Frameworks",
					"@loader_path/Frameworks",
				);
				PRODUCT_BUNDLE_IDENTIFIER = com.sangoma.ReactiveExtensionsDemoUITests;
				PRODUCT_NAME = "$(TARGET_NAME)";
				SWIFT_VERSION = 5.0;
				TARGETED_DEVICE_FAMILY = "1,2";
				TEST_TARGET_NAME = ReactiveExtensionsDemo;
			};
			name = Debug;
		};
		021843E525F2C31A0085C41E /* Release */ = {
			isa = XCBuildConfiguration;
			baseConfigurationReference = 16EC3DF3A3B0D155F3ED1F27 /* Pods-ReactiveExtensionsDemo-ReactiveExtensionsDemoUITests.release.xcconfig */;
			buildSettings = {
				ALWAYS_EMBED_SWIFT_STANDARD_LIBRARIES = "$(inherited)";
				CODE_SIGN_STYLE = Automatic;
				DEVELOPMENT_TEAM = 4SPS4GQWCE;
				INFOPLIST_FILE = ReactiveExtensionsDemoUITests/Info.plist;
				LD_RUNPATH_SEARCH_PATHS = (
					"$(inherited)",
					"@executable_path/Frameworks",
					"@loader_path/Frameworks",
				);
				PRODUCT_BUNDLE_IDENTIFIER = com.sangoma.ReactiveExtensionsDemoUITests;
				PRODUCT_NAME = "$(TARGET_NAME)";
				SWIFT_VERSION = 5.0;
				TARGETED_DEVICE_FAMILY = "1,2";
				TEST_TARGET_NAME = ReactiveExtensionsDemo;
			};
			name = Release;
		};
/* End XCBuildConfiguration section */

/* Begin XCConfigurationList section */
		021843AE25F2C3190085C41E /* Build configuration list for PBXProject "ReactiveExtensionsDemo" */ = {
			isa = XCConfigurationList;
			buildConfigurations = (
				021843DB25F2C31A0085C41E /* Debug */,
				021843DC25F2C31A0085C41E /* Release */,
			);
			defaultConfigurationIsVisible = 0;
			defaultConfigurationName = Release;
		};
		021843DD25F2C31A0085C41E /* Build configuration list for PBXNativeTarget "ReactiveExtensionsDemo" */ = {
			isa = XCConfigurationList;
			buildConfigurations = (
				021843DE25F2C31A0085C41E /* Debug */,
				021843DF25F2C31A0085C41E /* Release */,
			);
			defaultConfigurationIsVisible = 0;
			defaultConfigurationName = Release;
		};
		021843E025F2C31A0085C41E /* Build configuration list for PBXNativeTarget "ReactiveExtensionsDemoTests" */ = {
			isa = XCConfigurationList;
			buildConfigurations = (
				021843E125F2C31A0085C41E /* Debug */,
				021843E225F2C31A0085C41E /* Release */,
			);
			defaultConfigurationIsVisible = 0;
			defaultConfigurationName = Release;
		};
		021843E325F2C31A0085C41E /* Build configuration list for PBXNativeTarget "ReactiveExtensionsDemoUITests" */ = {
			isa = XCConfigurationList;
			buildConfigurations = (
				021843E425F2C31A0085C41E /* Debug */,
				021843E525F2C31A0085C41E /* Release */,
			);
			defaultConfigurationIsVisible = 0;
			defaultConfigurationName = Release;
		};
/* End XCConfigurationList section */
	};
	rootObject = 021843AB25F2C3190085C41E /* Project object */;
}
